{
  "requires": true,
  "lockfileVersion": 1,
  "dependencies": {
    "wel-cropper-template": {
      "version": "1.0.2",
      "resolved": "https://registry.npm.taobao.org/wel-cropper-template/download/wel-cropper-template-1.0.2.tgz",
      "integrity": "sha1-hQ793+evED+Exgba18d9GfkDGZg="
    }
  }
}
